
Microsoft Visual Studio Solution File, Format Version 12.00
# Visual Studio Version 16
VisualStudioVersion = 16.0.31105.61
MinimumVisualStudioVersion = 10.0.40219.1
Project("{FAE04EC0-301F-11D3-BF4B-00C04F79EFBC}") = "Net5.FunctionalProgramming.Sapmles", "Net5.FunctionalProgramming.Sapmles\Net5.FunctionalProgramming.Sapmles.csproj", "{7B696F4E-78B6-4506-8D5A-FBAE476A334E}"
EndProject
Global
	GlobalSection(SolutionConfigurationPlatforms) = preSolution
		Debug|Any CPU = Debug|Any CPU
		Release|Any CPU = Release|Any CPU
	EndGlobalSection
	GlobalSection(ProjectConfigurationPlatforms) = postSolution
		{7B696F4E-78B6-4506-8D5A-FBAE476A334E}.Debug|Any CPU.ActiveCfg = Debug|Any CPU
		{7B696F4E-78B6-4506-8D5A-FBAE476A334E}.Debug|Any CPU.Build.0 = Debug|Any CPU
		{7B696F4E-78B6-4506-8D5A-FBAE476A334E}.Release|Any CPU.ActiveCfg = Release|Any CPU
		{7B696F4E-78B6-4506-8D5A-FBAE476A334E}.Release|Any CPU.Build.0 = Release|Any CPU
	EndGlobalSection
	GlobalSection(SolutionProperties) = preSolution
		HideSolutionNode = FALSE
	EndGlobalSection
	GlobalSection(ExtensibilityGlobals) = postSolution
		SolutionGuid = {04ED13D8-13A7-4C4C-A32A-DCBA67A0D17D}
	EndGlobalSection
EndGlobal
