
Microsoft Visual Studio Solution File, Format Version 12.00
# Visual Studio Version 16
VisualStudioVersion = 16.0.31129.286
MinimumVisualStudioVersion = 10.0.40219.1
Project("{FAE04EC0-301F-11D3-BF4B-00C04F79EFBC}") = "Net5.Fundamentals.AspNet.Client", "Net5.Fundamentals.AspNet.Client\Net5.Fundamentals.AspNet.Client.csproj", "{D2389D8E-1D00-4711-82C4-791F96DB37E9}"
EndProject
Project("{FAE04EC0-301F-11D3-BF4B-00C04F79EFBC}") = "Net5.Fundamentals.AspNet.Data", "Net5.Fundamentals.AspNet.Data\Net5.Fundamentals.AspNet.Data.csproj", "{5F47399D-699B-484F-9957-50A02D0D3D22}"
EndProject
Global
	GlobalSection(SolutionConfigurationPlatforms) = preSolution
		Debug|Any CPU = Debug|Any CPU
		Release|Any CPU = Release|Any CPU
	EndGlobalSection
	GlobalSection(ProjectConfigurationPlatforms) = postSolution
		{D2389D8E-1D00-4711-82C4-791F96DB37E9}.Debug|Any CPU.ActiveCfg = Debug|Any CPU
		{D2389D8E-1D00-4711-82C4-791F96DB37E9}.Debug|Any CPU.Build.0 = Debug|Any CPU
		{D2389D8E-1D00-4711-82C4-791F96DB37E9}.Release|Any CPU.ActiveCfg = Release|Any CPU
		{D2389D8E-1D00-4711-82C4-791F96DB37E9}.Release|Any CPU.Build.0 = Release|Any CPU
		{5F47399D-699B-484F-9957-50A02D0D3D22}.Debug|Any CPU.ActiveCfg = Debug|Any CPU
		{5F47399D-699B-484F-9957-50A02D0D3D22}.Debug|Any CPU.Build.0 = Debug|Any CPU
		{5F47399D-699B-484F-9957-50A02D0D3D22}.Release|Any CPU.ActiveCfg = Release|Any CPU
		{5F47399D-699B-484F-9957-50A02D0D3D22}.Release|Any CPU.Build.0 = Release|Any CPU
	EndGlobalSection
	GlobalSection(SolutionProperties) = preSolution
		HideSolutionNode = FALSE
	EndGlobalSection
	GlobalSection(ExtensibilityGlobals) = postSolution
		SolutionGuid = {DBEB29C1-CE76-4776-85F3-985660C18E32}
	EndGlobalSection
EndGlobal
