
Microsoft Visual Studio Solution File, Format Version 12.00
# Visual Studio Version 16
VisualStudioVersion = 16.0.31105.61
MinimumVisualStudioVersion = 10.0.40219.1
Project("{FAE04EC0-301F-11D3-BF4B-00C04F79EFBC}") = "Net5.Fundamentals.TypesAndOperators", "Net5.Fundamentals.TypesAndOperators\Net5.Fundamentals.TypesAndOperators.csproj", "{A2B81EC9-8E07-4A17-A6C1-A0818EA2B2FA}"
EndProject
Project("{FAE04EC0-301F-11D3-BF4B-00C04F79EFBC}") = "Net5.Fundamentals.HighLevel", "Net5.Fundamentals.HighLevel\Net5.Fundamentals.HighLevel.csproj", "{2BFE6E55-C947-4097-9C05-F00A405BA3CA}"
EndProject
Global
	GlobalSection(SolutionConfigurationPlatforms) = preSolution
		Debug|Any CPU = Debug|Any CPU
		Release|Any CPU = Release|Any CPU
	EndGlobalSection
	GlobalSection(ProjectConfigurationPlatforms) = postSolution
		{A2B81EC9-8E07-4A17-A6C1-A0818EA2B2FA}.Debug|Any CPU.ActiveCfg = Debug|Any CPU
		{A2B81EC9-8E07-4A17-A6C1-A0818EA2B2FA}.Debug|Any CPU.Build.0 = Debug|Any CPU
		{A2B81EC9-8E07-4A17-A6C1-A0818EA2B2FA}.Release|Any CPU.ActiveCfg = Release|Any CPU
		{A2B81EC9-8E07-4A17-A6C1-A0818EA2B2FA}.Release|Any CPU.Build.0 = Release|Any CPU
		{2BFE6E55-C947-4097-9C05-F00A405BA3CA}.Debug|Any CPU.ActiveCfg = Debug|Any CPU
		{2BFE6E55-C947-4097-9C05-F00A405BA3CA}.Debug|Any CPU.Build.0 = Debug|Any CPU
		{2BFE6E55-C947-4097-9C05-F00A405BA3CA}.Release|Any CPU.ActiveCfg = Release|Any CPU
		{2BFE6E55-C947-4097-9C05-F00A405BA3CA}.Release|Any CPU.Build.0 = Release|Any CPU
	EndGlobalSection
	GlobalSection(SolutionProperties) = preSolution
		HideSolutionNode = FALSE
	EndGlobalSection
	GlobalSection(ExtensibilityGlobals) = postSolution
		SolutionGuid = {948AC50A-096C-45C4-92B2-05A0C00A5307}
	EndGlobalSection
EndGlobal
